
Microsoft Visual Studio Solution File, Format Version 12.00
# Visual Studio Version 16
VisualStudioVersion = 16.0.29102.190
MinimumVisualStudioVersion = 10.0.40219.1
Project("{FAE04EC0-301F-11D3-BF4B-00C04F79EFBC}") = "Logic", "Logic\Logic.csproj", "{351CDF6B-B1B5-4079-8E6F-F543A8E4D73C}"
EndProject
Project("{FAE04EC0-301F-11D3-BF4B-00C04F79EFBC}") = "UserInterface", "UserInterface\UserInterface.csproj", "{2B1BFFBC-596D-4D5B-AC4C-086A8E57CBF9}"
EndProject
Project("{2150E333-8FDC-42A3-9474-1A3956D46DE8}") = "Files", "Files", "{7FA49775-879F-4E59-8B26-67393333B60A}"
EndProject
Global
	GlobalSection(SolutionConfigurationPlatforms) = preSolution
		Debug|Any CPU = Debug|Any CPU
		Release|Any CPU = Release|Any CPU
	EndGlobalSection
	GlobalSection(ProjectConfigurationPlatforms) = postSolution
		{351CDF6B-B1B5-4079-8E6F-F543A8E4D73C}.Debug|Any CPU.ActiveCfg = Debug|Any CPU
		{351CDF6B-B1B5-4079-8E6F-F543A8E4D73C}.Debug|Any CPU.Build.0 = Debug|Any CPU
		{351CDF6B-B1B5-4079-8E6F-F543A8E4D73C}.Release|Any CPU.ActiveCfg = Release|Any CPU
		{351CDF6B-B1B5-4079-8E6F-F543A8E4D73C}.Release|Any CPU.Build.0 = Release|Any CPU
		{2B1BFFBC-596D-4D5B-AC4C-086A8E57CBF9}.Debug|Any CPU.ActiveCfg = Debug|Any CPU
		{2B1BFFBC-596D-4D5B-AC4C-086A8E57CBF9}.Debug|Any CPU.Build.0 = Debug|Any CPU
		{2B1BFFBC-596D-4D5B-AC4C-086A8E57CBF9}.Release|Any CPU.ActiveCfg = Release|Any CPU
		{2B1BFFBC-596D-4D5B-AC4C-086A8E57CBF9}.Release|Any CPU.Build.0 = Release|Any CPU
	EndGlobalSection
	GlobalSection(SolutionProperties) = preSolution
		HideSolutionNode = FALSE
	EndGlobalSection
	GlobalSection(ExtensibilityGlobals) = postSolution
		SolutionGuid = {AC618DE3-090E-43CA-B343-EECDFE058FA8}
	EndGlobalSection
EndGlobal
